// !$*UTF8*$!
{
	archiveVersion = 1;
	classes = {
	};
	objectVersion = 60;
	objects = {

/* Begin PBXBuildFile section */
		01EF5FDE32DAA6BB80B03E45 /* AgentClientCore in Frameworks */ = {isa = PBXBuildFile; productRef = 32E325A0F360C4AD9BCFFF02 /* AgentClientCore */; };
		63886E20E5E9247BC1D42720 /* AgentClientIO in Frameworks */ = {isa = PBXBuildFile; productRef = 8B95541ECED93AF69867A51A /* AgentClientIO */; };
		7EFE500E5FD69B15804E755D /* AppEntry.swift in Sources */ = {isa = PBXBuildFile; fileRef = E8D62AE5C0A9C10F7F52CA4A /* AppEntry.swift */; };
		B9A7D1B7132B647000489574 /* AgentClientiOS in Frameworks */ = {isa = PBXBuildFile; productRef = 2B2995099780F8AD3A8959CD /* AgentClientiOS */; };
/* End PBXBuildFile section */

/* Begin PBXFileReference section */
		505A6B84EDF6A46EB3D10AE0 /* Info.plist */ = {isa = PBXFileReference; lastKnownFileType = text.plist.xml; path = Info.plist; sourceTree = "<group>"; };
		56A2688717E6A0369FDE697B /* MacRelayiOSApp.app */ = {isa = PBXFileReference; explicitFileType = wrapper.application; includeInIndex = 0; path = MacRelayiOSApp.app; sourceTree = BUILT_PRODUCTS_DIR; };
		E8D62AE5C0A9C10F7F52CA4A /* AppEntry.swift */ = {isa = PBXFileReference; lastKnownFileType = sourcecode.swift; path = AppEntry.swift; sourceTree = "<group>"; };
/* End PBXFileReference section */

/* Begin PBXFrameworksBuildPhase section */
		F01580CCB5F725E4E879D491 /* Frameworks */ = {
			isa = PBXFrameworksBuildPhase;
			buildActionMask = 2147483647;
			files = (
				01EF5FDE32DAA6BB80B03E45 /* AgentClientCore in Frameworks */,
				63886E20E5E9247BC1D42720 /* AgentClientIO in Frameworks */,
				B9A7D1B7132B647000489574 /* AgentClientiOS in Frameworks */,
			);
			runOnlyForDeploymentPostprocessing = 0;
		};
/* End PBXFrameworksBuildPhase section */

/* Begin PBXGroup section */
		288537F98DBE021E1CBA5E55 /* Packages */ = {
			isa = PBXGroup;
			children = (
			);
			name = Packages;
			sourceTree = SOURCE_ROOT;
		};
		BCE16DD0260827ECF338C787 /* Sources */ = {
			isa = PBXGroup;
			children = (
				E8D62AE5C0A9C10F7F52CA4A /* AppEntry.swift */,
				505A6B84EDF6A46EB3D10AE0 /* Info.plist */,
			);
			path = Sources;
			sourceTree = "<group>";
		};
		EDA6D6223944636B9C5B54AA = {
			isa = PBXGroup;
			children = (
				BCE16DD0260827ECF338C787 /* Sources */,
				288537F98DBE021E1CBA5E55 /* Packages */,
				FBDC4F23F93125BBEEAE800C /* Products */,
			);
			sourceTree = "<group>";
		};
		FBDC4F23F93125BBEEAE800C /* Products */ = {
			isa = PBXGroup;
			children = (
				56A2688717E6A0369FDE697B /* MacRelayiOSApp.app */,
			);
			name = Products;
			sourceTree = "<group>";
		};
/* End PBXGroup section */

/* Begin PBXNativeTarget section */
		4F6027D858B72CC70E5CC8E9 /* MacRelayiOSApp */ = {
			isa = PBXNativeTarget;
			buildConfigurationList = 12D04EAA9B7F92E20B86C211 /* Build configuration list for PBXNativeTarget "MacRelayiOSApp" */;
			buildPhases = (
				E289B1FE398F6A18B19D5D7C /* Sources */,
				F01580CCB5F725E4E879D491 /* Frameworks */,
				963488E8A773A44C9A5DC523 /* Resources */,
			);
			buildRules = (
			);
			dependencies = (
			);
			name = MacRelayiOSApp;
			packageProductDependencies = (
				32E325A0F360C4AD9BCFFF02 /* AgentClientCore */,
				8B95541ECED93AF69867A51A /* AgentClientIO */,
				2B2995099780F8AD3A8959CD /* AgentClientiOS */,
			);
			productName = MacRelayiOSApp;
			productReference = 56A2688717E6A0369FDE697B /* MacRelayiOSApp.app */;
			productType = "com.apple.product-type.application";
		};
/* End PBXNativeTarget section */

/* Begin PBXProject section */
		98F54143AB4E86B28C3AFEE0 /* Project object */ = {
			isa = PBXProject;
			attributes = {
				BuildIndependentTargetsInParallel = 1;
				LastSwiftUpdateCheck = 1620;
				LastUpgradeCheck = 1620;
			};
			buildConfigurationList = F081215BB71916C081E9FF1C /* Build configuration list for PBXProject "MacRelayiOSApp" */;
			compatibilityVersion = "Xcode 14.0";
			developmentRegion = en;
			hasScannedForEncodings = 0;
			knownRegions = (
				en,
				Base,
			);
			mainGroup = EDA6D6223944636B9C5B54AA;
			packageReferences = (
				374411615E9177D97E9E206A /* XCLocalSwiftPackageReference "../.." */,
			);
			productRefGroup = FBDC4F23F93125BBEEAE800C /* Products */;
			projectDirPath = "";
			projectRoot = "";
			targets = (
				4F6027D858B72CC70E5CC8E9 /* MacRelayiOSApp */,
			);
		};
/* End PBXProject section */

/* Begin PBXResourcesBuildPhase section */
		963488E8A773A44C9A5DC523 /* Resources */ = {
			isa = PBXResourcesBuildPhase;
			buildActionMask = 2147483647;
			files = (
			);
			runOnlyForDeploymentPostprocessing = 0;
		};
/* End PBXResourcesBuildPhase section */

/* Begin PBXSourcesBuildPhase section */
		E289B1FE398F6A18B19D5D7C /* Sources */ = {
			isa = PBXSourcesBuildPhase;
			buildActionMask = 2147483647;
			files = (
				7EFE500E5FD69B15804E755D /* AppEntry.swift in Sources */,
			);
			runOnlyForDeploymentPostprocessing = 0;
		};
/* End PBXSourcesBuildPhase section */

/* Begin XCBuildConfiguration section */
		B82617E99FBCD53BB0059C00 /* Release */ = {
			isa = XCBuildConfiguration;
			buildSettings = {
				CODE_SIGN_STYLE = Automatic;
				CURRENT_PROJECT_VERSION = 1;
				DEVELOPMENT_TEAM = 7M9N8SVW38;
				INFOPLIST_FILE = Sources/Info.plist;
				IPHONEOS_DEPLOYMENT_TARGET = 17.0;
				LD_RUNPATH_SEARCH_PATHS = (
					"$(inherited)",
					"@executable_path/Frameworks",
				);
				MARKETING_VERSION = 0.1.0;
				PRODUCT_BUNDLE_IDENTIFIER = com.xiangyingchang.macrelay;
				PRODUCT_NAME = MacRelayiOSApp;
				SUPPORTED_PLATFORMS = "iphoneos iphonesimulator";
				SWIFT_VERSION = 5.0;
				TARGETED_DEVICE_FAMILY = "1,2";
			};
			name = Release;
		};
		C04B9FE62C59E3D8C4B43BE4 /* Debug */ = {
			isa = XCBuildConfiguration;
			buildSettings = {
				CODE_SIGN_STYLE = Automatic;
				CURRENT_PROJECT_VERSION = 1;
				DEVELOPMENT_TEAM = 7M9N8SVW38;
				INFOPLIST_FILE = Sources/Info.plist;
				IPHONEOS_DEPLOYMENT_TARGET = 17.0;
				LD_RUNPATH_SEARCH_PATHS = (
					"$(inherited)",
					"@executable_path/Frameworks",
				);
				MARKETING_VERSION = 0.1.0;
				PRODUCT_BUNDLE_IDENTIFIER = com.xiangyingchang.macrelay;
				PRODUCT_NAME = MacRelayiOSApp;
				SUPPORTED_PLATFORMS = "iphoneos iphonesimulator";
				SWIFT_VERSION = 5.0;
				TARGETED_DEVICE_FAMILY = "1,2";
			};
			name = Debug;
		};
		D6F10006F80D04E1720B389F /* Debug */ = {
			isa = XCBuildConfiguration;
			buildSettings = {
				ALWAYS_SEARCH_USER_PATHS = NO;
				CLANG_ENABLE_MODULES = YES;
				CLANG_ENABLE_OBJC_ARC = YES;
				COPY_PHASE_STRIP = NO;
				DEBUG_INFORMATION_FORMAT = dwarf;
				ENABLE_TESTABILITY = YES;
				ENABLE_USER_SCRIPT_SANDBOXING = NO;
				GCC_DYNAMIC_NO_PIC = NO;
				GCC_OPTIMIZATION_LEVEL = 0;
				IPHONEOS_DEPLOYMENT_TARGET = 17.0;
				ONLY_ACTIVE_ARCH = YES;
				SDKROOT = iphoneos;
				SWIFT_ACTIVE_COMPILATION_CONDITIONS = "DEBUG $(inherited)";
				SWIFT_OPTIMIZATION_LEVEL = "-Onone";
			};
			name = Debug;
		};
		FD0A5FA395270FB880AA3548 /* Release */ = {
			isa = XCBuildConfiguration;
			buildSettings = {
				ALWAYS_SEARCH_USER_PATHS = NO;
				CLANG_ENABLE_MODULES = YES;
				CLANG_ENABLE_OBJC_ARC = YES;
				COPY_PHASE_STRIP = NO;
				DEBUG_INFORMATION_FORMAT = "dwarf-with-dsym";
				ENABLE_NS_ASSERTIONS = NO;
				IPHONEOS_DEPLOYMENT_TARGET = 17.0;
				SDKROOT = iphoneos;
				SWIFT_COMPILATION_MODE = wholemodule;
				VALIDATE_PRODUCT = YES;
			};
			name = Release;
		};
/* End XCBuildConfiguration section */

/* Begin XCConfigurationList section */
		12D04EAA9B7F92E20B86C211 /* Build configuration list for PBXNativeTarget "MacRelayiOSApp" */ = {
			isa = XCConfigurationList;
			buildConfigurations = (
				C04B9FE62C59E3D8C4B43BE4 /* Debug */,
				B82617E99FBCD53BB0059C00 /* Release */,
			);
			defaultConfigurationIsVisible = 0;
			defaultConfigurationName = Release;
		};
		F081215BB71916C081E9FF1C /* Build configuration list for PBXProject "MacRelayiOSApp" */ = {
			isa = XCConfigurationList;
			buildConfigurations = (
				D6F10006F80D04E1720B389F /* Debug */,
				FD0A5FA395270FB880AA3548 /* Release */,
			);
			defaultConfigurationIsVisible = 0;
			defaultConfigurationName = Release;
		};
/* End XCConfigurationList section */

/* Begin XCLocalSwiftPackageReference section */
		374411615E9177D97E9E206A /* XCLocalSwiftPackageReference "../.." */ = {
			isa = XCLocalSwiftPackageReference;
			relativePath = ../..;
		};
/* End XCLocalSwiftPackageReference section */

/* Begin XCSwiftPackageProductDependency section */
		2B2995099780F8AD3A8959CD /* AgentClientiOS */ = {
			isa = XCSwiftPackageProductDependency;
			package = 374411615E9177D97E9E206A /* XCLocalSwiftPackageReference "../.." */;
			productName = AgentClientiOS;
		};
		32E325A0F360C4AD9BCFFF02 /* AgentClientCore */ = {
			isa = XCSwiftPackageProductDependency;
			package = 374411615E9177D97E9E206A /* XCLocalSwiftPackageReference "../.." */;
			productName = AgentClientCore;
		};
		8B95541ECED93AF69867A51A /* AgentClientIO */ = {
			isa = XCSwiftPackageProductDependency;
			package = 374411615E9177D97E9E206A /* XCLocalSwiftPackageReference "../.." */;
			productName = AgentClientIO;
		};
/* End XCSwiftPackageProductDependency section */
	};
	rootObject = 98F54143AB4E86B28C3AFEE0 /* Project object */;
}
